
Microsoft Visual Studio Solution File, Format Version 11.00
# Visual Studio 2010
Project("{FAE04EC0-301F-11D3-BF4B-00C04F79EFBC}") = "transcripa", "transcripa\transcripa.csproj", "{45B12B10-2B23-49A6-8BAB-422223CB5933}"
EndProject
Global
	GlobalSection(SolutionConfigurationPlatforms) = preSolution
		Debug|x86 = Debug|x86
		Release|x86 = Release|x86
	EndGlobalSection
	GlobalSection(ProjectConfigurationPlatforms) = postSolution
		{45B12B10-2B23-49A6-8BAB-422223CB5933}.Debug|x86.ActiveCfg = Debug|x86
		{45B12B10-2B23-49A6-8BAB-422223CB5933}.Debug|x86.Build.0 = Debug|x86
		{45B12B10-2B23-49A6-8BAB-422223CB5933}.Release|x86.ActiveCfg = Release|x86
		{45B12B10-2B23-49A6-8BAB-422223CB5933}.Release|x86.Build.0 = Release|x86
	EndGlobalSection
	GlobalSection(SolutionProperties) = preSolution
		HideSolutionNode = FALSE
	EndGlobalSection
EndGlobal
